// !$*UTF8*$!
{
	archiveVersion = 1;
	classes = {
	};
	objectVersion = 46;
	objects = {

/* Begin PBXBuildFile section */
		1D1700B319E03C9B00465831 /* Foundation.framework in Frameworks */ = {isa = PBXBuildFile; fileRef = 1D1700B219E03C9B00465831 /* Foundation.framework */; };
		1D1700B519E03C9B00465831 /* CoreGraphics.framework in Frameworks */ = {isa = PBXBuildFile; fileRef = 1D1700B419E03C9B00465831 /* CoreGraphics.framework */; };
		1D1700B719E03C9B00465831 /* UIKit.framework in Frameworks */ = {isa = PBXBuildFile; fileRef = 1D1700B619E03C9B00465831 /* UIKit.framework */; };
		1D1700BD19E03C9B00465831 /* InfoPlist.strings in Resources */ = {isa = PBXBuildFile; fileRef = 1D1700BB19E03C9B00465831 /* InfoPlist.strings */; };
		1D1700BF19E03C9B00465831 /* main.m in Sources */ = {isa = PBXBuildFile; fileRef = 1D1700BE19E03C9B00465831 /* main.m */; };
		1D1700C319E03C9B00465831 /* BioAppDelegate.m in Sources */ = {isa = PBXBuildFile; fileRef = 1D1700C219E03C9B00465831 /* BioAppDelegate.m */; };
		1D1700C519E03C9B00465831 /* Images.xcassets in Resources */ = {isa = PBXBuildFile; fileRef = 1D1700C419E03C9B00465831 /* Images.xcassets */; };
		1D1700CC19E03C9B00465831 /* XCTest.framework in Frameworks */ = {isa = PBXBuildFile; fileRef = 1D1700CB19E03C9B00465831 /* XCTest.framework */; };
		1D1700CD19E03C9B00465831 /* Foundation.framework in Frameworks */ = {isa = PBXBuildFile; fileRef = 1D1700B219E03C9B00465831 /* Foundation.framework */; };
		1D1700CE19E03C9B00465831 /* UIKit.framework in Frameworks */ = {isa = PBXBuildFile; fileRef = 1D1700B619E03C9B00465831 /* UIKit.framework */; };
		1D1700D619E03C9B00465831 /* InfoPlist.strings in Resources */ = {isa = PBXBuildFile; fileRef = 1D1700D419E03C9B00465831 /* InfoPlist.strings */; };
		1D1700D819E03C9B00465831 /* BioFarmTests.m in Sources */ = {isa = PBXBuildFile; fileRef = 1D1700D719E03C9B00465831 /* BioFarmTests.m */; };
		1D17010619E03E7000465831 /* bar_environment.png in Resources */ = {isa = PBXBuildFile; fileRef = 1D1700E219E03E7000465831 /* bar_environment.png */; };
		1D17010719E03E7000465831 /* bar_money.png in Resources */ = {isa = PBXBuildFile; fileRef = 1D1700E319E03E7000465831 /* bar_money.png */; };
		1D17010819E03E7000465831 /* bar_social.png in Resources */ = {isa = PBXBuildFile; fileRef = 1D1700E419E03E7000465831 /* bar_social.png */; };
		1D17010919E03E7000465831 /* barn.png in Resources */ = {isa = PBXBuildFile; fileRef = 1D1700E519E03E7000465831 /* barn.png */; };
		1D17010A19E03E7000465831 /* icon_app.png in Resources */ = {isa = PBXBuildFile; fileRef = 1D1700E719E03E7000465831 /* icon_app.png */; };
		1D17010B19E03E7000465831 /* icon_appstore.png in Resources */ = {isa = PBXBuildFile; fileRef = 1D1700E819E03E7000465831 /* icon_appstore.png */; };
		1D17010C19E03E7000465831 /* NR-bar_environment.png in Resources */ = {isa = PBXBuildFile; fileRef = 1D1700EA19E03E7000465831 /* NR-bar_environment.png */; };
		1D17010D19E03E7000465831 /* NR-bar_money.png in Resources */ = {isa = PBXBuildFile; fileRef = 1D1700EB19E03E7000465831 /* NR-bar_money.png */; };
		1D17010E19E03E7000465831 /* NR-bar_social.png in Resources */ = {isa = PBXBuildFile; fileRef = 1D1700EC19E03E7000465831 /* NR-bar_social.png */; };
		1D17010F19E03E7000465831 /* NR-barn.png in Resources */ = {isa = PBXBuildFile; fileRef = 1D1700ED19E03E7000465831 /* NR-barn.png */; };
		1D17011019E03E7000465831 /* NR-corn.png in Resources */ = {isa = PBXBuildFile; fileRef = 1D1700EE19E03E7000465831 /* NR-corn.png */; };
		1D17011119E03E7000465831 /* NR-soil_bad.png in Resources */ = {isa = PBXBuildFile; fileRef = 1D1700EF19E03E7000465831 /* NR-soil_bad.png */; };
		1D17011219E03E7000465831 /* NR-soil_good.png in Resources */ = {isa = PBXBuildFile; fileRef = 1D1700F019E03E7000465831 /* NR-soil_good.png */; };
		1D17011319E03E7000465831 /* NR-soybean.png in Resources */ = {isa = PBXBuildFile; fileRef = 1D1700F119E03E7000465831 /* NR-soybean.png */; };
		1D17011419E03E7000465831 /* NR-splashscreen.png in Resources */ = {isa = PBXBuildFile; fileRef = 1D1700F219E03E7000465831 /* NR-splashscreen.png */; };
		1D17011519E03E7000465831 /* NR-switchgrass.png in Resources */ = {isa = PBXBuildFile; fileRef = 1D1700F319E03E7000465831 /* NR-switchgrass.png */; };
		1D17011619E03E7000465831 /* R-bar_environment.png in Resources */ = {isa = PBXBuildFile; fileRef = 1D1700F519E03E7000465831 /* R-bar_environment.png */; };
		1D17011719E03E7000465831 /* R-bar_money.png in Resources */ = {isa = PBXBuildFile; fileRef = 1D1700F619E03E7000465831 /* R-bar_money.png */; };
		1D17011819E03E7000465831 /* R-bar_social.png in Resources */ = {isa = PBXBuildFile; fileRef = 1D1700F719E03E7000465831 /* R-bar_social.png */; };
		1D17011919E03E7000465831 /* R-barn.png in Resources */ = {isa = PBXBuildFile; fileRef = 1D1700F819E03E7000465831 /* R-barn.png */; };
		1D17011A19E03E7000465831 /* R-corn.png in Resources */ = {isa = PBXBuildFile; fileRef = 1D1700F919E03E7000465831 /* R-corn.png */; };
		1D17011B19E03E7000465831 /* R-soil_bad.png in Resources */ = {isa = PBXBuildFile; fileRef = 1D1700FA19E03E7000465831 /* R-soil_bad.png */; };
		1D17011C19E03E7000465831 /* R-soil_good.png in Resources */ = {isa = PBXBuildFile; fileRef = 1D1700FB19E03E7000465831 /* R-soil_good.png */; };
		1D17011D19E03E7000465831 /* R-soybean.png in Resources */ = {isa = PBXBuildFile; fileRef = 1D1700FC19E03E7000465831 /* R-soybean.png */; };
		1D17011E19E03E7000465831 /* R-splashscreen.png in Resources */ = {isa = PBXBuildFile; fileRef = 1D1700FD19E03E7000465831 /* R-splashscreen.png */; };
		1D17011F19E03E7000465831 /* R-switchgrass.png in Resources */ = {isa = PBXBuildFile; fileRef = 1D1700FE19E03E7000465831 /* R-switchgrass.png */; };
		1D17012019E03E7000465831 /* corn.png in Resources */ = {isa = PBXBuildFile; fileRef = 1D1700FF19E03E7000465831 /* corn.png */; };
		1D17012119E03E7000465831 /* soil_bad.png in Resources */ = {isa = PBXBuildFile; fileRef = 1D17010019E03E7000465831 /* soil_bad.png */; };
		1D17012219E03E7000465831 /* soil_good.png in Resources */ = {isa = PBXBuildFile; fileRef = 1D17010119E03E7000465831 /* soil_good.png */; };
		1D17012319E03E7000465831 /* soybean.png in Resources */ = {isa = PBXBuildFile; fileRef = 1D17010219E03E7000465831 /* soybean.png */; };
		1D17012419E03E7000465831 /* splashscreen.png in Resources */ = {isa = PBXBuildFile; fileRef = 1D17010319E03E7000465831 /* splashscreen.png */; };
		1D17012519E03E7000465831 /* splashscreen.psd in Resources */ = {isa = PBXBuildFile; fileRef = 1D17010419E03E7000465831 /* splashscreen.psd */; };
		1D17012619E03E7000465831 /* switchgrass.png in Resources */ = {isa = PBXBuildFile; fileRef = 1D17010519E03E7000465831 /* switchgrass.png */; };
		1D17016719E04F0F00465831 /* land.m in Sources */ = {isa = PBXBuildFile; fileRef = 1D17016619E04F0F00465831 /* land.m */; };
		38BB291919E07817002B54E8 /* Event.m in Sources */ = {isa = PBXBuildFile; fileRef = 38BB291119E07817002B54E8 /* Event.m */; };
		38BB291A19E07817002B54E8 /* Harvest.m in Sources */ = {isa = PBXBuildFile; fileRef = 38BB291319E07817002B54E8 /* Harvest.m */; };
		38BB291B19E07817002B54E8 /* Money.m in Sources */ = {isa = PBXBuildFile; fileRef = 38BB291519E07817002B54E8 /* Money.m */; };
		38BB291C19E07817002B54E8 /* Randevent.m in Sources */ = {isa = PBXBuildFile; fileRef = 38BB291719E07817002B54E8 /* Randevent.m */; };
		38BB291E19E0782D002B54E8 /* Farm.m in Sources */ = {isa = PBXBuildFile; fileRef = 38BB291D19E0782D002B54E8 /* Farm.m */; };
		38BB292119E08E28002B54E8 /* Grow.m in Sources */ = {isa = PBXBuildFile; fileRef = 38BB292019E08E28002B54E8 /* Grow.m */; };
		38BB292419E095D3002B54E8 /* Buy.m in Sources */ = {isa = PBXBuildFile; fileRef = 38BB292319E095D3002B54E8 /* Buy.m */; };
		38BB292719E09A27002B54E8 /* EndSeason.m in Sources */ = {isa = PBXBuildFile; fileRef = 38BB292619E09A27002B54E8 /* EndSeason.m */; };
/* End PBXBuildFile section */

/* Begin PBXContainerItemProxy section */
		1D1700CF19E03C9B00465831 /* PBXContainerItemProxy */ = {
			isa = PBXContainerItemProxy;
			containerPortal = 1D1700A719E03C9B00465831 /* Project object */;
			proxyType = 1;
			remoteGlobalIDString = 1D1700AE19E03C9B00465831;
			remoteInfo = BioFarm;
		};
/* End PBXContainerItemProxy section */

/* Begin PBXFileReference section */
		1D1700AF19E03C9B00465831 /* BioFarm.app */ = {isa = PBXFileReference; explicitFileType = wrapper.application; includeInIndex = 0; path = BioFarm.app; sourceTree = BUILT_PRODUCTS_DIR; };
		1D1700B219E03C9B00465831 /* Foundation.framework */ = {isa = PBXFileReference; lastKnownFileType = wrapper.framework; name = Foundation.framework; path = System/Library/Frameworks/Foundation.framework; sourceTree = SDKROOT; };
		1D1700B419E03C9B00465831 /* CoreGraphics.framework */ = {isa = PBXFileReference; lastKnownFileType = wrapper.framework; name = CoreGraphics.framework; path = System/Library/Frameworks/CoreGraphics.framework; sourceTree = SDKROOT; };
		1D1700B619E03C9B00465831 /* UIKit.framework */ = {isa = PBXFileReference; lastKnownFileType = wrapper.framework; name = UIKit.framework; path = System/Library/Frameworks/UIKit.framework; sourceTree = SDKROOT; };
		1D1700BA19E03C9B00465831 /* BioFarm-Info.plist */ = {isa = PBXFileReference; lastKnownFileType = text.plist.xml; path = "BioFarm-Info.plist"; sourceTree = "<group>"; };
		1D1700BC19E03C9B00465831 /* en */ = {isa = PBXFileReference; lastKnownFileType = text.plist.strings; name = en; path = en.lproj/InfoPlist.strings; sourceTree = "<group>"; };
		1D1700BE19E03C9B00465831 /* main.m */ = {isa = PBXFileReference; lastKnownFileType = sourcecode.c.objc; path = main.m; sourceTree = "<group>"; };
		1D1700C019E03C9B00465831 /* BioFarm-Prefix.pch */ = {isa = PBXFileReference; lastKnownFileType = sourcecode.c.h; path = "BioFarm-Prefix.pch"; sourceTree = "<group>"; };
		1D1700C119E03C9B00465831 /* BioAppDelegate.h */ = {isa = PBXFileReference; lastKnownFileType = sourcecode.c.h; path = BioAppDelegate.h; sourceTree = "<group>"; };
		1D1700C219E03C9B00465831 /* BioAppDelegate.m */ = {isa = PBXFileReference; lastKnownFileType = sourcecode.c.objc; path = BioAppDelegate.m; sourceTree = "<group>"; };
		1D1700C419E03C9B00465831 /* Images.xcassets */ = {isa = PBXFileReference; lastKnownFileType = folder.assetcatalog; path = Images.xcassets; sourceTree = "<group>"; };
		1D1700CA19E03C9B00465831 /* BioFarmTests.xctest */ = {isa = PBXFileReference; explicitFileType = wrapper.cfbundle; includeInIndex = 0; path = BioFarmTests.xctest; sourceTree = BUILT_PRODUCTS_DIR; };
		1D1700CB19E03C9B00465831 /* XCTest.framework */ = {isa = PBXFileReference; lastKnownFileType = wrapper.framework; name = XCTest.framework; path = Library/Frameworks/XCTest.framework; sourceTree = DEVELOPER_DIR; };
		1D1700D319E03C9B00465831 /* BioFarmTests-Info.plist */ = {isa = PBXFileReference; lastKnownFileType = text.plist.xml; path = "BioFarmTests-Info.plist"; sourceTree = "<group>"; };
		1D1700D519E03C9B00465831 /* en */ = {isa = PBXFileReference; lastKnownFileType = text.plist.strings; name = en; path = en.lproj/InfoPlist.strings; sourceTree = "<group>"; };
		1D1700D719E03C9B00465831 /* BioFarmTests.m */ = {isa = PBXFileReference; lastKnownFileType = sourcecode.c.objc; path = BioFarmTests.m; sourceTree = "<group>"; };
		1D1700E219E03E7000465831 /* bar_environment.png */ = {isa = PBXFileReference; lastKnownFileType = image.png; path = bar_environment.png; sourceTree = "<group>"; };
		1D1700E319E03E7000465831 /* bar_money.png */ = {isa = PBXFileReference; lastKnownFileType = image.png; path = bar_money.png; sourceTree = "<group>"; };
		1D1700E419E03E7000465831 /* bar_social.png */ = {isa = PBXFileReference; lastKnownFileType = image.png; path = bar_social.png; sourceTree = "<group>"; };
		1D1700E519E03E7000465831 /* barn.png */ = {isa = PBXFileReference; lastKnownFileType = image.png; path = barn.png; sourceTree = "<group>"; };
		1D1700E719E03E7000465831 /* icon_app.png */ = {isa = PBXFileReference; lastKnownFileType = image.png; path = icon_app.png; sourceTree = "<group>"; };
		1D1700E819E03E7000465831 /* icon_appstore.png */ = {isa = PBXFileReference; lastKnownFileType = image.png; path = icon_appstore.png; sourceTree = "<group>"; };
		1D1700EA19E03E7000465831 /* NR-bar_environment.png */ = {isa = PBXFileReference; lastKnownFileType = image.png; path = "NR-bar_environment.png"; sourceTree = "<group>"; };
		1D1700EB19E03E7000465831 /* NR-bar_money.png */ = {isa = PBXFileReference; lastKnownFileType = image.png; path = "NR-bar_money.png"; sourceTree = "<group>"; };
		1D1700EC19E03E7000465831 /* NR-bar_social.png */ = {isa = PBXFileReference; lastKnownFileType = image.png; path = "NR-bar_social.png"; sourceTree = "<group>"; };
		1D1700ED19E03E7000465831 /* NR-barn.png */ = {isa = PBXFileReference; lastKnownFileType = image.png; path = "NR-barn.png"; sourceTree = "<group>"; };
		1D1700EE19E03E7000465831 /* NR-corn.png */ = {isa = PBXFileReference; lastKnownFileType = image.png; path = "NR-corn.png"; sourceTree = "<group>"; };
		1D1700EF19E03E7000465831 /* NR-soil_bad.png */ = {isa = PBXFileReference; lastKnownFileType = image.png; path = "NR-soil_bad.png"; sourceTree = "<group>"; };
		1D1700F019E03E7000465831 /* NR-soil_good.png */ = {isa = PBXFileReference; lastKnownFileType = image.png; path = "NR-soil_good.png"; sourceTree = "<group>"; };
		1D1700F119E03E7000465831 /* NR-soybean.png */ = {isa = PBXFileReference; lastKnownFileType = image.png; path = "NR-soybean.png"; sourceTree = "<group>"; };
		1D1700F219E03E7000465831 /* NR-splashscreen.png */ = {isa = PBXFileReference; lastKnownFileType = image.png; path = "NR-splashscreen.png"; sourceTree = "<group>"; };
		1D1700F319E03E7000465831 /* NR-switchgrass.png */ = {isa = PBXFileReference; lastKnownFileType = image.png; path = "NR-switchgrass.png"; sourceTree = "<group>"; };
		1D1700F519E03E7000465831 /* R-bar_environment.png */ = {isa = PBXFileReference; lastKnownFileType = image.png; path = "R-bar_environment.png"; sourceTree = "<group>"; };
		1D1700F619E03E7000465831 /* R-bar_money.png */ = {isa = PBXFileReference; lastKnownFileType = image.png; path = "R-bar_money.png"; sourceTree = "<group>"; };
		1D1700F719E03E7000465831 /* R-bar_social.png */ = {isa = PBXFileReference; lastKnownFileType = image.png; path = "R-bar_social.png"; sourceTree = "<group>"; };
		1D1700F819E03E7000465831 /* R-barn.png */ = {isa = PBXFileReference; lastKnownFileType = image.png; path = "R-barn.png"; sourceTree = "<group>"; };
		1D1700F919E03E7000465831 /* R-corn.png */ = {isa = PBXFileReference; lastKnownFileType = image.png; path = "R-corn.png"; sourceTree = "<group>"; };
		1D1700FA19E03E7000465831 /* R-soil_bad.png */ = {isa = PBXFileReference; lastKnownFileType = image.png; path = "R-soil_bad.png"; sourceTree = "<group>"; };
		1D1700FB19E03E7000465831 /* R-soil_good.png */ = {isa = PBXFileReference; lastKnownFileType = image.png; path = "R-soil_good.png"; sourceTree = "<group>"; };
		1D1700FC19E03E7000465831 /* R-soybean.png */ = {isa = PBXFileReference; lastKnownFileType = image.png; path = "R-soybean.png"; sourceTree = "<group>"; };
		1D1700FD19E03E7000465831 /* R-splashscreen.png */ = {isa = PBXFileReference; lastKnownFileType = image.png; path = "R-splashscreen.png"; sourceTree = "<group>"; };
		1D1700FE19E03E7000465831 /* R-switchgrass.png */ = {isa = PBXFileReference; lastKnownFileType = image.png; path = "R-switchgrass.png"; sourceTree = "<group>"; };
		1D1700FF19E03E7000465831 /* corn.png */ = {isa = PBXFileReference; lastKnownFileType = image.png; path = corn.png; sourceTree = "<group>"; };
		1D17010019E03E7000465831 /* soil_bad.png */ = {isa = PBXFileReference; lastKnownFileType = image.png; path = soil_bad.png; sourceTree = "<group>"; };
		1D17010119E03E7000465831 /* soil_good.png */ = {isa = PBXFileReference; lastKnownFileType = image.png; path = soil_good.png; sourceTree = "<group>"; };
		1D17010219E03E7000465831 /* soybean.png */ = {isa = PBXFileReference; lastKnownFileType = image.png; path = soybean.png; sourceTree = "<group>"; };
		1D17010319E03E7000465831 /* splashscreen.png */ = {isa = PBXFileReference; lastKnownFileType = image.png; path = splashscreen.png; sourceTree = "<group>"; };
		1D17010419E03E7000465831 /* splashscreen.psd */ = {isa = PBXFileReference; lastKnownFileType = file; path = splashscreen.psd; sourceTree = "<group>"; };
		1D17010519E03E7000465831 /* switchgrass.png */ = {isa = PBXFileReference; lastKnownFileType = image.png; path = switchgrass.png; sourceTree = "<group>"; };
		1D17012719E03F8000465831 /* Farm.h */ = {isa = PBXFileReference; fileEncoding = 4; lastKnownFileType = sourcecode.c.h; path = Farm.h; sourceTree = "<group>"; };
		1D17016519E04F0F00465831 /* land.h */ = {isa = PBXFileReference; fileEncoding = 4; lastKnownFileType = sourcecode.c.h; path = land.h; sourceTree = "<group>"; };
		1D17016619E04F0F00465831 /* land.m */ = {isa = PBXFileReference; fileEncoding = 4; lastKnownFileType = sourcecode.c.objc; path = land.m; sourceTree = "<group>"; };
		38BB291019E07817002B54E8 /* Event.h */ = {isa = PBXFileReference; fileEncoding = 4; lastKnownFileType = sourcecode.c.h; path = Event.h; sourceTree = "<group>"; };
		38BB291119E07817002B54E8 /* Event.m */ = {isa = PBXFileReference; fileEncoding = 4; lastKnownFileType = sourcecode.c.objc; path = Event.m; sourceTree = "<group>"; };
		38BB291219E07817002B54E8 /* Harvest.h */ = {isa = PBXFileReference; fileEncoding = 4; lastKnownFileType = sourcecode.c.h; path = Harvest.h; sourceTree = "<group>"; };
		38BB291319E07817002B54E8 /* Harvest.m */ = {isa = PBXFileReference; fileEncoding = 4; lastKnownFileType = sourcecode.c.objc; path = Harvest.m; sourceTree = "<group>"; };
		38BB291419E07817002B54E8 /* Money.h */ = {isa = PBXFileReference; fileEncoding = 4; lastKnownFileType = sourcecode.c.h; path = Money.h; sourceTree = "<group>"; };
		38BB291519E07817002B54E8 /* Money.m */ = {isa = PBXFileReference; fileEncoding = 4; lastKnownFileType = sourcecode.c.objc; path = Money.m; sourceTree = "<group>"; };
		38BB291619E07817002B54E8 /* Randevent.h */ = {isa = PBXFileReference; fileEncoding = 4; lastKnownFileType = sourcecode.c.h; path = Randevent.h; sourceTree = "<group>"; };
		38BB291719E07817002B54E8 /* Randevent.m */ = {isa = PBXFileReference; fileEncoding = 4; lastKnownFileType = sourcecode.c.objc; path = Randevent.m; sourceTree = "<group>"; };
		38BB291D19E0782D002B54E8 /* Farm.m */ = {isa = PBXFileReference; fileEncoding = 4; lastKnownFileType = sourcecode.c.objc; path = Farm.m; sourceTree = "<group>"; };
		38BB291F19E08E28002B54E8 /* Grow.h */ = {isa = PBXFileReference; fileEncoding = 4; lastKnownFileType = sourcecode.c.h; path = Grow.h; sourceTree = "<group>"; };
		38BB292019E08E28002B54E8 /* Grow.m */ = {isa = PBXFileReference; fileEncoding = 4; lastKnownFileType = sourcecode.c.objc; path = Grow.m; sourceTree = "<group>"; };
		38BB292219E095D3002B54E8 /* Buy.h */ = {isa = PBXFileReference; fileEncoding = 4; lastKnownFileType = sourcecode.c.h; path = Buy.h; sourceTree = "<group>"; };
		38BB292319E095D3002B54E8 /* Buy.m */ = {isa = PBXFileReference; fileEncoding = 4; lastKnownFileType = sourcecode.c.objc; path = Buy.m; sourceTree = "<group>"; };
		38BB292519E09A27002B54E8 /* EndSeason.h */ = {isa = PBXFileReference; fileEncoding = 4; lastKnownFileType = sourcecode.c.h; path = EndSeason.h; sourceTree = "<group>"; };
		38BB292619E09A27002B54E8 /* EndSeason.m */ = {isa = PBXFileReference; fileEncoding = 4; lastKnownFileType = sourcecode.c.objc; path = EndSeason.m; sourceTree = "<group>"; };
/* End PBXFileReference section */

/* Begin PBXFrameworksBuildPhase section */
		1D1700AC19E03C9B00465831 /* Frameworks */ = {
			isa = PBXFrameworksBuildPhase;
			buildActionMask = 2147483647;
			files = (
				1D1700B519E03C9B00465831 /* CoreGraphics.framework in Frameworks */,
				1D1700B719E03C9B00465831 /* UIKit.framework in Frameworks */,
				1D1700B319E03C9B00465831 /* Foundation.framework in Frameworks */,
			);
			runOnlyForDeploymentPostprocessing = 0;
		};
		1D1700C719E03C9B00465831 /* Frameworks */ = {
			isa = PBXFrameworksBuildPhase;
			buildActionMask = 2147483647;
			files = (
				1D1700CC19E03C9B00465831 /* XCTest.framework in Frameworks */,
				1D1700CE19E03C9B00465831 /* UIKit.framework in Frameworks */,
				1D1700CD19E03C9B00465831 /* Foundation.framework in Frameworks */,
			);
			runOnlyForDeploymentPostprocessing = 0;
		};
/* End PBXFrameworksBuildPhase section */

/* Begin PBXGroup section */
		1D1700A619E03C9B00465831 = {
			isa = PBXGroup;
			children = (
				1D1700B819E03C9B00465831 /* BioFarm */,
				1D1700D119E03C9B00465831 /* BioFarmTests */,
				1D1700B119E03C9B00465831 /* Frameworks */,
				1D1700B019E03C9B00465831 /* Products */,
				1D1700E119E03E7000465831 /* Game Assets */,
			);
			sourceTree = "<group>";
		};
		1D1700B019E03C9B00465831 /* Products */ = {
			isa = PBXGroup;
			children = (
				1D1700AF19E03C9B00465831 /* BioFarm.app */,
				1D1700CA19E03C9B00465831 /* BioFarmTests.xctest */,
			);
			name = Products;
			sourceTree = "<group>";
		};
		1D1700B119E03C9B00465831 /* Frameworks */ = {
			isa = PBXGroup;
			children = (
				1D1700B219E03C9B00465831 /* Foundation.framework */,
				1D1700B419E03C9B00465831 /* CoreGraphics.framework */,
				1D1700B619E03C9B00465831 /* UIKit.framework */,
				1D1700CB19E03C9B00465831 /* XCTest.framework */,
			);
			name = Frameworks;
			sourceTree = "<group>";
		};
		1D1700B819E03C9B00465831 /* BioFarm */ = {
			isa = PBXGroup;
			children = (
				1DD208BB19E07FBD00761A61 /* en.lproj */,
				1D17016519E04F0F00465831 /* land.h */,
				1D17016619E04F0F00465831 /* land.m */,
				1D17012719E03F8000465831 /* Farm.h */,
				38BB291D19E0782D002B54E8 /* Farm.m */,
				1D1700C119E03C9B00465831 /* BioAppDelegate.h */,
				1D1700C219E03C9B00465831 /* BioAppDelegate.m */,
				38BB291019E07817002B54E8 /* Event.h */,
				38BB291119E07817002B54E8 /* Event.m */,
				38BB292219E095D3002B54E8 /* Buy.h */,
				38BB292319E095D3002B54E8 /* Buy.m */,
				38BB291219E07817002B54E8 /* Harvest.h */,
				38BB291319E07817002B54E8 /* Harvest.m */,
				38BB291419E07817002B54E8 /* Money.h */,
				38BB291519E07817002B54E8 /* Money.m */,
				38BB292519E09A27002B54E8 /* EndSeason.h */,
				38BB292619E09A27002B54E8 /* EndSeason.m */,
				38BB291F19E08E28002B54E8 /* Grow.h */,
				38BB292019E08E28002B54E8 /* Grow.m */,
				38BB291619E07817002B54E8 /* Randevent.h */,
				38BB291719E07817002B54E8 /* Randevent.m */,
				1D1700C419E03C9B00465831 /* Images.xcassets */,
				1D1700B919E03C9B00465831 /* Supporting Files */,
			);
			path = BioFarm;
			sourceTree = "<group>";
		};
		1D1700B919E03C9B00465831 /* Supporting Files */ = {
			isa = PBXGroup;
			children = (
				1D1700BA19E03C9B00465831 /* BioFarm-Info.plist */,
				1D1700BB19E03C9B00465831 /* InfoPlist.strings */,
				1D1700BE19E03C9B00465831 /* main.m */,
				1D1700C019E03C9B00465831 /* BioFarm-Prefix.pch */,
			);
			name = "Supporting Files";
			sourceTree = "<group>";
		};
		1D1700D119E03C9B00465831 /* BioFarmTests */ = {
			isa = PBXGroup;
			children = (
				1D1700D719E03C9B00465831 /* BioFarmTests.m */,
				1D1700D219E03C9B00465831 /* Supporting Files */,
			);
			path = BioFarmTests;
			sourceTree = "<group>";
		};
		1D1700D219E03C9B00465831 /* Supporting Files */ = {
			isa = PBXGroup;
			children = (
				1D1700D319E03C9B00465831 /* BioFarmTests-Info.plist */,
				1D1700D419E03C9B00465831 /* InfoPlist.strings */,
			);
			name = "Supporting Files";
			sourceTree = "<group>";
		};
		1D1700E119E03E7000465831 /* Game Assets */ = {
			isa = PBXGroup;
			children = (
				1D1700E219E03E7000465831 /* bar_environment.png */,
				1D1700E319E03E7000465831 /* bar_money.png */,
				1D1700E419E03E7000465831 /* bar_social.png */,
				1D1700E519E03E7000465831 /* barn.png */,
				1D1700E619E03E7000465831 /* C6_Game_Assets_Icons */,
				1D1700E919E03E7000465831 /* C6_Game_Assets_NonRetina */,
				1D1700F419E03E7000465831 /* C6_Game_Assets_Retina */,
				1D1700FF19E03E7000465831 /* corn.png */,
				1D17010019E03E7000465831 /* soil_bad.png */,
				1D17010119E03E7000465831 /* soil_good.png */,
				1D17010219E03E7000465831 /* soybean.png */,
				1D17010319E03E7000465831 /* splashscreen.png */,
				1D17010419E03E7000465831 /* splashscreen.psd */,
				1D17010519E03E7000465831 /* switchgrass.png */,
			);
			name = "Game Assets";
			path = "../../Desktop/Game Assets";
			sourceTree = "<group>";
		};
		1D1700E619E03E7000465831 /* C6_Game_Assets_Icons */ = {
			isa = PBXGroup;
			children = (
				1D1700E719E03E7000465831 /* icon_app.png */,
				1D1700E819E03E7000465831 /* icon_appstore.png */,
			);
			path = C6_Game_Assets_Icons;
			sourceTree = "<group>";
		};
		1D1700E919E03E7000465831 /* C6_Game_Assets_NonRetina */ = {
			isa = PBXGroup;
			children = (
				1D1700EA19E03E7000465831 /* NR-bar_environment.png */,
				1D1700EB19E03E7000465831 /* NR-bar_money.png */,
				1D1700EC19E03E7000465831 /* NR-bar_social.png */,
				1D1700ED19E03E7000465831 /* NR-barn.png */,
				1D1700EE19E03E7000465831 /* NR-corn.png */,
				1D1700EF19E03E7000465831 /* NR-soil_bad.png */,
				1D1700F019E03E7000465831 /* NR-soil_good.png */,
				1D1700F119E03E7000465831 /* NR-soybean.png */,
				1D1700F219E03E7000465831 /* NR-splashscreen.png */,
				1D1700F319E03E7000465831 /* NR-switchgrass.png */,
			);
			path = C6_Game_Assets_NonRetina;
			sourceTree = "<group>";
		};
		1D1700F419E03E7000465831 /* C6_Game_Assets_Retina */ = {
			isa = PBXGroup;
			children = (
				1D1700F519E03E7000465831 /* R-bar_environment.png */,
				1D1700F619E03E7000465831 /* R-bar_money.png */,
				1D1700F719E03E7000465831 /* R-bar_social.png */,
				1D1700F819E03E7000465831 /* R-barn.png */,
				1D1700F919E03E7000465831 /* R-corn.png */,
				1D1700FA19E03E7000465831 /* R-soil_bad.png */,
				1D1700FB19E03E7000465831 /* R-soil_good.png */,
				1D1700FC19E03E7000465831 /* R-soybean.png */,
				1D1700FD19E03E7000465831 /* R-splashscreen.png */,
				1D1700FE19E03E7000465831 /* R-switchgrass.png */,
			);
			path = C6_Game_Assets_Retina;
			sourceTree = "<group>";
		};
		1DD208BB19E07FBD00761A61 /* en.lproj */ = {
			isa = PBXGroup;
			children = (
				1DD208BC19E07FBD00761A61 /* InfoPlist.strings */,
			);
			path = en.lproj;
			sourceTree = "<group>";
		};
/* End PBXGroup section */

/* Begin PBXNativeTarget section */
		1D1700AE19E03C9B00465831 /* BioFarm */ = {
			isa = PBXNativeTarget;
			buildConfigurationList = 1D1700DB19E03C9B00465831 /* Build configuration list for PBXNativeTarget "BioFarm" */;
			buildPhases = (
				1D1700AB19E03C9B00465831 /* Sources */,
				1D1700AC19E03C9B00465831 /* Frameworks */,
				1D1700AD19E03C9B00465831 /* Resources */,
			);
			buildRules = (
			);
			dependencies = (
			);
			name = BioFarm;
			productName = BioFarm;
			productReference = 1D1700AF19E03C9B00465831 /* BioFarm.app */;
			productType = "com.apple.product-type.application";
		};
		1D1700C919E03C9B00465831 /* BioFarmTests */ = {
			isa = PBXNativeTarget;
			buildConfigurationList = 1D1700DE19E03C9B00465831 /* Build configuration list for PBXNativeTarget "BioFarmTests" */;
			buildPhases = (
				1D1700C619E03C9B00465831 /* Sources */,
				1D1700C719E03C9B00465831 /* Frameworks */,
				1D1700C819E03C9B00465831 /* Resources */,
			);
			buildRules = (
			);
			dependencies = (
				1D1700D019E03C9B00465831 /* PBXTargetDependency */,
			);
			name = BioFarmTests;
			productName = BioFarmTests;
			productReference = 1D1700CA19E03C9B00465831 /* BioFarmTests.xctest */;
			productType = "com.apple.product-type.bundle.unit-test";
		};
/* End PBXNativeTarget section */

/* Begin PBXProject section */
		1D1700A719E03C9B00465831 /* Project object */ = {
			isa = PBXProject;
			attributes = {
				CLASSPREFIX = Bio;
				LastUpgradeCheck = 0510;
				ORGANIZATIONNAME = "Iowa State";
				TargetAttributes = {
					1D1700C919E03C9B00465831 = {
						TestTargetID = 1D1700AE19E03C9B00465831;
					};
				};
			};
			buildConfigurationList = 1D1700AA19E03C9B00465831 /* Build configuration list for PBXProject "BioFarm" */;
			compatibilityVersion = "Xcode 3.2";
			developmentRegion = English;
			hasScannedForEncodings = 0;
			knownRegions = (
				en,
			);
			mainGroup = 1D1700A619E03C9B00465831;
			productRefGroup = 1D1700B019E03C9B00465831 /* Products */;
			projectDirPath = "";
			projectRoot = "";
			targets = (
				1D1700AE19E03C9B00465831 /* BioFarm */,
				1D1700C919E03C9B00465831 /* BioFarmTests */,
			);
		};
/* End PBXProject section */

/* Begin PBXResourcesBuildPhase section */
		1D1700AD19E03C9B00465831 /* Resources */ = {
			isa = PBXResourcesBuildPhase;
			buildActionMask = 2147483647;
			files = (
				1D17011619E03E7000465831 /* R-bar_environment.png in Resources */,
				1D17010819E03E7000465831 /* bar_social.png in Resources */,
				1D17010719E03E7000465831 /* bar_money.png in Resources */,
				1D17011519E03E7000465831 /* NR-switchgrass.png in Resources */,
				1D17010B19E03E7000465831 /* icon_appstore.png in Resources */,
				1D17011C19E03E7000465831 /* R-soil_good.png in Resources */,
				1D17012119E03E7000465831 /* soil_bad.png in Resources */,
				1D17011919E03E7000465831 /* R-barn.png in Resources */,
				1D17010919E03E7000465831 /* barn.png in Resources */,
				1D1700BD19E03C9B00465831 /* InfoPlist.strings in Resources */,
				1D17011F19E03E7000465831 /* R-switchgrass.png in Resources */,
				1D17011819E03E7000465831 /* R-bar_social.png in Resources */,
				1D17010A19E03E7000465831 /* icon_app.png in Resources */,
				1D17010E19E03E7000465831 /* NR-bar_social.png in Resources */,
				1D17010D19E03E7000465831 /* NR-bar_money.png in Resources */,
				1D17012319E03E7000465831 /* soybean.png in Resources */,
				1D17012619E03E7000465831 /* switchgrass.png in Resources */,
				1D17010619E03E7000465831 /* bar_environment.png in Resources */,
				1D17011B19E03E7000465831 /* R-soil_bad.png in Resources */,
				1D17012419E03E7000465831 /* splashscreen.png in Resources */,
				1D17011019E03E7000465831 /* NR-corn.png in Resources */,
				1D17011D19E03E7000465831 /* R-soybean.png in Resources */,
				1D17012019E03E7000465831 /* corn.png in Resources */,
				1D1700C519E03C9B00465831 /* Images.xcassets in Resources */,
				1D17010F19E03E7000465831 /* NR-barn.png in Resources */,
				1D17012219E03E7000465831 /* soil_good.png in Resources */,
				1D17011119E03E7000465831 /* NR-soil_bad.png in Resources */,
				1D17011419E03E7000465831 /* NR-splashscreen.png in Resources */,
				1D17010C19E03E7000465831 /* NR-bar_environment.png in Resources */,
				1D17012519E03E7000465831 /* splashscreen.psd in Resources */,
				1D17011A19E03E7000465831 /* R-corn.png in Resources */,
				1D17011719E03E7000465831 /* R-bar_money.png in Resources */,
				1D17011219E03E7000465831 /* NR-soil_good.png in Resources */,
				1D17011E19E03E7000465831 /* R-splashscreen.png in Resources */,
				1D17011319E03E7000465831 /* NR-soybean.png in Resources */,
			);
			runOnlyForDeploymentPostprocessing = 0;
		};
		1D1700C819E03C9B00465831 /* Resources */ = {
			isa = PBXResourcesBuildPhase;
			buildActionMask = 2147483647;
			files = (
				1D1700D619E03C9B00465831 /* InfoPlist.strings in Resources */,
			);
			runOnlyForDeploymentPostprocessing = 0;
		};
/* End PBXResourcesBuildPhase section */

/* Begin PBXSourcesBuildPhase section */
		1D1700AB19E03C9B00465831 /* Sources */ = {
			isa = PBXSourcesBuildPhase;
			buildActionMask = 2147483647;
			files = (
				1D17016719E04F0F00465831 /* land.m in Sources */,
				38BB291919E07817002B54E8 /* Event.m in Sources */,
				38BB291B19E07817002B54E8 /* Money.m in Sources */,
				38BB291A19E07817002B54E8 /* Harvest.m in Sources */,
				38BB291C19E07817002B54E8 /* Randevent.m in Sources */,
				1D1700BF19E03C9B00465831 /* main.m in Sources */,
				38BB292719E09A27002B54E8 /* EndSeason.m in Sources */,
				38BB292419E095D3002B54E8 /* Buy.m in Sources */,
				38BB292119E08E28002B54E8 /* Grow.m in Sources */,
				1D1700C319E03C9B00465831 /* BioAppDelegate.m in Sources */,
				38BB291E19E0782D002B54E8 /* Farm.m in Sources */,
			);
			runOnlyForDeploymentPostprocessing = 0;
		};
		1D1700C619E03C9B00465831 /* Sources */ = {
			isa = PBXSourcesBuildPhase;
			buildActionMask = 2147483647;
			files = (
				1D1700D819E03C9B00465831 /* BioFarmTests.m in Sources */,
			);
			runOnlyForDeploymentPostprocessing = 0;
		};
/* End PBXSourcesBuildPhase section */

/* Begin PBXTargetDependency section */
		1D1700D019E03C9B00465831 /* PBXTargetDependency */ = {
			isa = PBXTargetDependency;
			target = 1D1700AE19E03C9B00465831 /* BioFarm */;
			targetProxy = 1D1700CF19E03C9B00465831 /* PBXContainerItemProxy */;
		};
/* End PBXTargetDependency section */

/* Begin PBXVariantGroup section */
		1D1700BB19E03C9B00465831 /* InfoPlist.strings */ = {
			isa = PBXVariantGroup;
			children = (
				1D1700BC19E03C9B00465831 /* en */,
			);
			name = InfoPlist.strings;
			sourceTree = "<group>";
		};
		1D1700D419E03C9B00465831 /* InfoPlist.strings */ = {
			isa = PBXVariantGroup;
			children = (
				1D1700D519E03C9B00465831 /* en */,
			);
			name = InfoPlist.strings;
			sourceTree = "<group>";
		};
		1DD208BC19E07FBD00761A61 /* InfoPlist.strings */ = {
			isa = PBXVariantGroup;
			children = (
			);
			name = InfoPlist.strings;
			sourceTree = "<group>";
		};
/* End PBXVariantGroup section */

/* Begin XCBuildConfiguration section */
		1D1700D919E03C9B00465831 /* Debug */ = {
			isa = XCBuildConfiguration;
			buildSettings = {
				ALWAYS_SEARCH_USER_PATHS = NO;
				CLANG_CXX_LANGUAGE_STANDARD = "gnu++0x";
				CLANG_CXX_LIBRARY = "libc++";
				CLANG_ENABLE_MODULES = YES;
				CLANG_ENABLE_OBJC_ARC = YES;
				CLANG_WARN_BOOL_CONVERSION = YES;
				CLANG_WARN_CONSTANT_CONVERSION = YES;
				CLANG_WARN_DIRECT_OBJC_ISA_USAGE = YES_ERROR;
				CLANG_WARN_EMPTY_BODY = YES;
				CLANG_WARN_ENUM_CONVERSION = YES;
				CLANG_WARN_INT_CONVERSION = YES;
				CLANG_WARN_OBJC_ROOT_CLASS = YES_ERROR;
				CLANG_WARN__DUPLICATE_METHOD_MATCH = YES;
				"CODE_SIGN_IDENTITY[sdk=iphoneos*]" = "iPhone Developer";
				COPY_PHASE_STRIP = NO;
				GCC_C_LANGUAGE_STANDARD = gnu99;
				GCC_DYNAMIC_NO_PIC = NO;
				GCC_OPTIMIZATION_LEVEL = 0;
				GCC_PREPROCESSOR_DEFINITIONS = (
					"DEBUG=1",
					"$(inherited)",
				);
				GCC_SYMBOLS_PRIVATE_EXTERN = NO;
				GCC_WARN_64_TO_32_BIT_CONVERSION = YES;
				GCC_WARN_ABOUT_RETURN_TYPE = YES_ERROR;
				GCC_WARN_UNDECLARED_SELECTOR = YES;
				GCC_WARN_UNINITIALIZED_AUTOS = YES_AGGRESSIVE;
				GCC_WARN_UNUSED_FUNCTION = YES;
				GCC_WARN_UNUSED_VARIABLE = YES;
				IPHONEOS_DEPLOYMENT_TARGET = 7.1;
				ONLY_ACTIVE_ARCH = YES;
				SDKROOT = iphoneos;
				TARGETED_DEVICE_FAMILY = 2;
			};
			name = Debug;
		};
		1D1700DA19E03C9B00465831 /* Release */ = {
			isa = XCBuildConfiguration;
			buildSettings = {
				ALWAYS_SEARCH_USER_PATHS = NO;
				CLANG_CXX_LANGUAGE_STANDARD = "gnu++0x";
				CLANG_CXX_LIBRARY = "libc++";
				CLANG_ENABLE_MODULES = YES;
				CLANG_ENABLE_OBJC_ARC = YES;
				CLANG_WARN_BOOL_CONVERSION = YES;
				CLANG_WARN_CONSTANT_CONVERSION = YES;
				CLANG_WARN_DIRECT_OBJC_ISA_USAGE = YES_ERROR;
				CLANG_WARN_EMPTY_BODY = YES;
				CLANG_WARN_ENUM_CONVERSION = YES;
				CLANG_WARN_INT_CONVERSION = YES;
				CLANG_WARN_OBJC_ROOT_CLASS = YES_ERROR;
				CLANG_WARN__DUPLICATE_METHOD_MATCH = YES;
				"CODE_SIGN_IDENTITY[sdk=iphoneos*]" = "iPhone Developer";
				COPY_PHASE_STRIP = YES;
				ENABLE_NS_ASSERTIONS = NO;
				GCC_C_LANGUAGE_STANDARD = gnu99;
				GCC_WARN_64_TO_32_BIT_CONVERSION = YES;
				GCC_WARN_ABOUT_RETURN_TYPE = YES_ERROR;
				GCC_WARN_UNDECLARED_SELECTOR = YES;
				GCC_WARN_UNINITIALIZED_AUTOS = YES_AGGRESSIVE;
				GCC_WARN_UNUSED_FUNCTION = YES;
				GCC_WARN_UNUSED_VARIABLE = YES;
				IPHONEOS_DEPLOYMENT_TARGET = 7.1;
				SDKROOT = iphoneos;
				TARGETED_DEVICE_FAMILY = 2;
				VALIDATE_PRODUCT = YES;
			};
			name = Release;
		};
		1D1700DC19E03C9B00465831 /* Debug */ = {
			isa = XCBuildConfiguration;
			buildSettings = {
				ASSETCATALOG_COMPILER_APPICON_NAME = AppIcon;
				ASSETCATALOG_COMPILER_LAUNCHIMAGE_NAME = LaunchImage;
				GCC_PRECOMPILE_PREFIX_HEADER = YES;
				GCC_PREFIX_HEADER = "BioFarm/BioFarm-Prefix.pch";
				INFOPLIST_FILE = "BioFarm/BioFarm-Info.plist";
				PRODUCT_NAME = "$(TARGET_NAME)";
				WRAPPER_EXTENSION = app;
			};
			name = Debug;
		};
		1D1700DD19E03C9B00465831 /* Release */ = {
			isa = XCBuildConfiguration;
			buildSettings = {
				ASSETCATALOG_COMPILER_APPICON_NAME = AppIcon;
				ASSETCATALOG_COMPILER_LAUNCHIMAGE_NAME = LaunchImage;
				GCC_PRECOMPILE_PREFIX_HEADER = YES;
				GCC_PREFIX_HEADER = "BioFarm/BioFarm-Prefix.pch";
				INFOPLIST_FILE = "BioFarm/BioFarm-Info.plist";
				PRODUCT_NAME = "$(TARGET_NAME)";
				WRAPPER_EXTENSION = app;
			};
			name = Release;
		};
		1D1700DF19E03C9B00465831 /* Debug */ = {
			isa = XCBuildConfiguration;
			buildSettings = {
				BUNDLE_LOADER = "$(BUILT_PRODUCTS_DIR)/BioFarm.app/BioFarm";
				FRAMEWORK_SEARCH_PATHS = (
					"$(SDKROOT)/Developer/Library/Frameworks",
					"$(inherited)",
					"$(DEVELOPER_FRAMEWORKS_DIR)",
				);
				GCC_PRECOMPILE_PREFIX_HEADER = YES;
				GCC_PREFIX_HEADER = "BioFarm/BioFarm-Prefix.pch";
				GCC_PREPROCESSOR_DEFINITIONS = (
					"DEBUG=1",
					"$(inherited)",
				);
				INFOPLIST_FILE = "BioFarmTests/BioFarmTests-Info.plist";
				PRODUCT_NAME = "$(TARGET_NAME)";
				TEST_HOST = "$(BUNDLE_LOADER)";
				WRAPPER_EXTENSION = xctest;
			};
			name = Debug;
		};
		1D1700E019E03C9B00465831 /* Release */ = {
			isa = XCBuildConfiguration;
			buildSettings = {
				BUNDLE_LOADER = "$(BUILT_PRODUCTS_DIR)/BioFarm.app/BioFarm";
				FRAMEWORK_SEARCH_PATHS = (
					"$(SDKROOT)/Developer/Library/Frameworks",
					"$(inherited)",
					"$(DEVELOPER_FRAMEWORKS_DIR)",
				);
				GCC_PRECOMPILE_PREFIX_HEADER = YES;
				GCC_PREFIX_HEADER = "BioFarm/BioFarm-Prefix.pch";
				INFOPLIST_FILE = "BioFarmTests/BioFarmTests-Info.plist";
				PRODUCT_NAME = "$(TARGET_NAME)";
				TEST_HOST = "$(BUNDLE_LOADER)";
				WRAPPER_EXTENSION = xctest;
			};
			name = Release;
		};
/* End XCBuildConfiguration section */

/* Begin XCConfigurationList section */
		1D1700AA19E03C9B00465831 /* Build configuration list for PBXProject "BioFarm" */ = {
			isa = XCConfigurationList;
			buildConfigurations = (
				1D1700D919E03C9B00465831 /* Debug */,
				1D1700DA19E03C9B00465831 /* Release */,
			);
			defaultConfigurationIsVisible = 0;
			defaultConfigurationName = Release;
		};
		1D1700DB19E03C9B00465831 /* Build configuration list for PBXNativeTarget "BioFarm" */ = {
			isa = XCConfigurationList;
			buildConfigurations = (
				1D1700DC19E03C9B00465831 /* Debug */,
				1D1700DD19E03C9B00465831 /* Release */,
			);
			defaultConfigurationIsVisible = 0;
			defaultConfigurationName = Release;
		};
		1D1700DE19E03C9B00465831 /* Build configuration list for PBXNativeTarget "BioFarmTests" */ = {
			isa = XCConfigurationList;
			buildConfigurations = (
				1D1700DF19E03C9B00465831 /* Debug */,
				1D1700E019E03C9B00465831 /* Release */,
			);
			defaultConfigurationIsVisible = 0;
			defaultConfigurationName = Release;
		};
/* End XCConfigurationList section */
	};
	rootObject = 1D1700A719E03C9B00465831 /* Project object */;
}
